
Microsoft Visual Studio Solution File, Format Version 12.00
# Visual Studio Version 17
VisualStudioVersion = 17.10.35004.147
MinimumVisualStudioVersion = 10.0.40219.1
Project("{888888A0-9F3D-457C-B088-3A5042F75D52}") = "Anti Virus", "Anti Virus.pyproj", "{9873E774-5942-4F89-A6A1-B7E40F442249}"
EndProject
Global
	GlobalSection(SolutionConfigurationPlatforms) = preSolution
		Debug|Any CPU = Debug|Any CPU
		Release|Any CPU = Release|Any CPU
	EndGlobalSection
	GlobalSection(ProjectConfigurationPlatforms) = postSolution
		{9873E774-5942-4F89-A6A1-B7E40F442249}.Debug|Any CPU.ActiveCfg = Debug|Any CPU
		{9873E774-5942-4F89-A6A1-B7E40F442249}.Release|Any CPU.ActiveCfg = Release|Any CPU
	EndGlobalSection
	GlobalSection(SolutionProperties) = preSolution
		HideSolutionNode = FALSE
	EndGlobalSection
	GlobalSection(ExtensibilityGlobals) = postSolution
		SolutionGuid = {95E5978B-EA13-4EE0-B135-25C2B614F5D9}
	EndGlobalSection
EndGlobal
